
Microsoft Visual Studio Solution File, Format Version 12.00
# Visual Studio 15
VisualStudioVersion = 15.0.28307.960
MinimumVisualStudioVersion = 10.0.40219.1
Project("{8BC9CEB8-8B4A-11D0-8D11-00A0C91BC942}") = "cbr_thread_pool", "cbr_thread_pool\cbr_thread_pool.vcxproj", "{ECB19AA4-94AD-4E3A-89A6-2710E56785B1}"
EndProject
Project("{8BC9CEB8-8B4A-11D0-8D11-00A0C91BC942}") = "cbr_object_pool", "cbr_object_pool\cbr_object_pool.vcxproj", "{2A5EEC82-8339-49AA-B961-5C665C04A14B}"
EndProject
Project("{8BC9CEB8-8B4A-11D0-8D11-00A0C91BC942}") = "encrypted_disk_partition", "encrypted_disk_partition\encrypted_disk_partition.vcxproj", "{C3A031A3-0B0A-41BE-89DA-A6216F4A08D7}"
EndProject
Global
	GlobalSection(SolutionConfigurationPlatforms) = preSolution
		Debug|x64 = Debug|x64
		Debug|x86 = Debug|x86
		Release|x64 = Release|x64
		Release|x86 = Release|x86
	EndGlobalSection
	GlobalSection(ProjectConfigurationPlatforms) = postSolution
		{ECB19AA4-94AD-4E3A-89A6-2710E56785B1}.Debug|x64.ActiveCfg = Debug|x64
		{ECB19AA4-94AD-4E3A-89A6-2710E56785B1}.Debug|x64.Build.0 = Debug|x64
		{ECB19AA4-94AD-4E3A-89A6-2710E56785B1}.Debug|x86.ActiveCfg = Debug|Win32
		{ECB19AA4-94AD-4E3A-89A6-2710E56785B1}.Debug|x86.Build.0 = Debug|Win32
		{ECB19AA4-94AD-4E3A-89A6-2710E56785B1}.Release|x64.ActiveCfg = Release|x64
		{ECB19AA4-94AD-4E3A-89A6-2710E56785B1}.Release|x64.Build.0 = Release|x64
		{ECB19AA4-94AD-4E3A-89A6-2710E56785B1}.Release|x86.ActiveCfg = Release|Win32
		{ECB19AA4-94AD-4E3A-89A6-2710E56785B1}.Release|x86.Build.0 = Release|Win32
		{2A5EEC82-8339-49AA-B961-5C665C04A14B}.Debug|x64.ActiveCfg = Debug|x64
		{2A5EEC82-8339-49AA-B961-5C665C04A14B}.Debug|x64.Build.0 = Debug|x64
		{2A5EEC82-8339-49AA-B961-5C665C04A14B}.Debug|x86.ActiveCfg = Debug|Win32
		{2A5EEC82-8339-49AA-B961-5C665C04A14B}.Debug|x86.Build.0 = Debug|Win32
		{2A5EEC82-8339-49AA-B961-5C665C04A14B}.Release|x64.ActiveCfg = Release|x64
		{2A5EEC82-8339-49AA-B961-5C665C04A14B}.Release|x64.Build.0 = Release|x64
		{2A5EEC82-8339-49AA-B961-5C665C04A14B}.Release|x86.ActiveCfg = Release|Win32
		{2A5EEC82-8339-49AA-B961-5C665C04A14B}.Release|x86.Build.0 = Release|Win32
		{C3A031A3-0B0A-41BE-89DA-A6216F4A08D7}.Debug|x64.ActiveCfg = Debug|x64
		{C3A031A3-0B0A-41BE-89DA-A6216F4A08D7}.Debug|x64.Build.0 = Debug|x64
		{C3A031A3-0B0A-41BE-89DA-A6216F4A08D7}.Debug|x86.ActiveCfg = Debug|Win32
		{C3A031A3-0B0A-41BE-89DA-A6216F4A08D7}.Debug|x86.Build.0 = Debug|Win32
		{C3A031A3-0B0A-41BE-89DA-A6216F4A08D7}.Release|x64.ActiveCfg = Release|x64
		{C3A031A3-0B0A-41BE-89DA-A6216F4A08D7}.Release|x64.Build.0 = Release|x64
		{C3A031A3-0B0A-41BE-89DA-A6216F4A08D7}.Release|x86.ActiveCfg = Release|Win32
		{C3A031A3-0B0A-41BE-89DA-A6216F4A08D7}.Release|x86.Build.0 = Release|Win32
	EndGlobalSection
	GlobalSection(SolutionProperties) = preSolution
		HideSolutionNode = FALSE
	EndGlobalSection
	GlobalSection(ExtensibilityGlobals) = postSolution
		SolutionGuid = {259E869C-80CB-4606-8B40-E6F3531C1CB7}
	EndGlobalSection
EndGlobal
